<?xml version="1.0" encoding="utf-8"?>
<Project ToolsVersion="4.0" xmlns="http://schemas.microsoft.com/developer/msbuild/2003">
  <ItemGroup>
    <Filter Include="Source Files">
      <UniqueIdentifier>{4FC737F1-C7A5-4376-A066-2A32D752A2FF}</UniqueIdentifier>
      <Extensions>cpp;c;cc;cxx;c++;cppm;ixx;def;odl;idl;hpj;bat;asm;asmx</Extensions>
    </Filter>
    <Filter Include="Header Files">
      <UniqueIdentifier>{93995380-89BD-4b04-88EB-625FBE52EBFB}</UniqueIdentifier>
      <Extensions>h;hh;hpp;hxx;h++;hm;inl;inc;ipp;xsd</Extensions>
    </Filter>
    <Filter Include="Resource Files">
      <UniqueIdentifier>{67DA6AB6-F800-4c08-8B7A-83BB121AAD01}</UniqueIdentifier>
      <Extensions>rc;ico;cur;bmp;dlg;rc2;rct;bin;rgs;gif;jpg;jpeg;jpe;resx;tiff;tif;png;wav;mfcribbon-ms</Extensions>
    </Filter>
    <Filter Include="misc files">
      <UniqueIdentifier>{558f5a2b-72e2-498f-b5e5-582926c2f5f2}</UniqueIdentifier>
    </Filter>
  </ItemGroup>
  <ItemGroup>
    <ClCompile Include="ELEE1147_Antartic_Weather.c">
      <Filter>Source Files</Filter>
    </ClCompile>
    <ClCompile Include="cJSON.c">
      <Filter>Source Files</Filter>
    </ClCompile>
    <ClCompile Include="json_parser.c">
      <Filter>Source Files</Filter>
    </ClCompile>
    <ClCompile Include="telemetry_functions.c">
      <Filter>Source Files</Filter>
    </ClCompile>
    <ClCompile Include="statistics_functions.c">
      <Filter>Source Files</Filter>
    </ClCompile>
    <ClCompile Include="exportCSV.c">
      <Filter>Source Files</Filter>
    </ClCompile>
    <ClCompile Include="weather_conditions.c">
      <Filter>Source Files</Filter>
    </ClCompile>
  </ItemGroup>
  <ItemGroup>
    <ClInclude Include="cJSON.h">
      <Filter>Header Files</Filter>
    </ClInclude>
    <ClInclude Include="json_parser.h">
      <Filter>Header Files</Filter>
    </ClInclude>
    <ClInclude Include="telemetry_functions.h">
      <Filter>Header Files</Filter>
    </ClInclude>
    <ClInclude Include="telemetry_struct.h">
      <Filter>Header Files</Filter>
    </ClInclude>
    <ClInclude Include="statistics_functions.h">
      <Filter>Header Files</Filter>
    </ClInclude>
    <ClInclude Include="exportCSV.h">
      <Filter>Header Files</Filter>
    </ClInclude>
    <ClInclude Include="weather_conditions.h">
      <Filter>Header Files</Filter>
    </ClInclude>
  </ItemGroup>
  <ItemGroup>
    <None Include="telemetry_data.json">
      <Filter>Resource Files</Filter>
    </None>
    <None Include="checkFormatting.sh">
      <Filter>misc files</Filter>
    </None>
    <None Include="clang-format.exe">
      <Filter>misc files</Filter>
    </None>
    <None Include="msvc.conf">
      <Filter>misc files</Filter>
    </None>
  </ItemGroup>
</Project>